
Microsoft Visual Studio Solution File, Format Version 12.00
# Visual Studio Version 17
VisualStudioVersion = 17.14.36203.30
MinimumVisualStudioVersion = 10.0.40219.1
Project("{FAE04EC0-301F-11D3-BF4B-00C04F79EFBC}") = "Greeting.api", "Greeting.api\Greeting.api.csproj", "{8461982A-BB8A-4624-B932-BE1EF229357D}"
EndProject
Project("{FAE04EC0-301F-11D3-BF4B-00C04F79EFBC}") = "Client", "Client\Client.csproj", "{6B328678-476D-4895-B08D-05931E7C590B}"
EndProject
Global
	GlobalSection(SolutionConfigurationPlatforms) = preSolution
		Debug|Any CPU = Debug|Any CPU
		Release|Any CPU = Release|Any CPU
	EndGlobalSection
	GlobalSection(ProjectConfigurationPlatforms) = postSolution
		{8461982A-BB8A-4624-B932-BE1EF229357D}.Debug|Any CPU.ActiveCfg = Debug|Any CPU
		{8461982A-BB8A-4624-B932-BE1EF229357D}.Debug|Any CPU.Build.0 = Debug|Any CPU
		{8461982A-BB8A-4624-B932-BE1EF229357D}.Release|Any CPU.ActiveCfg = Release|Any CPU
		{8461982A-BB8A-4624-B932-BE1EF229357D}.Release|Any CPU.Build.0 = Release|Any CPU
		{6B328678-476D-4895-B08D-05931E7C590B}.Debug|Any CPU.ActiveCfg = Debug|Any CPU
		{6B328678-476D-4895-B08D-05931E7C590B}.Debug|Any CPU.Build.0 = Debug|Any CPU
		{6B328678-476D-4895-B08D-05931E7C590B}.Release|Any CPU.ActiveCfg = Release|Any CPU
		{6B328678-476D-4895-B08D-05931E7C590B}.Release|Any CPU.Build.0 = Release|Any CPU
	EndGlobalSection
	GlobalSection(SolutionProperties) = preSolution
		HideSolutionNode = FALSE
	EndGlobalSection
	GlobalSection(ExtensibilityGlobals) = postSolution
		SolutionGuid = {2D7AF72B-955B-4FB9-BD48-AE98D12A9881}
	EndGlobalSection
EndGlobal
